// !$*UTF8*$!
{
	archiveVersion = 1;
	classes = {
	};
	objectVersion = 55;
	objects = {

/* Begin PBXBuildFile section */
		AD1B1E02283B611E00313AD5 /* Cell.swift in Sources */ = {isa = PBXBuildFile; fileRef = AD1B1E01283B611E00313AD5 /* Cell.swift */; };
		AD39927F28361CF2005EE142 /* AccountingVC.swift in Sources */ = {isa = PBXBuildFile; fileRef = AD39927E28361CF2005EE142 /* AccountingVC.swift */; };
		ADA4306628432BBE0000258C /* Algorithms in Frameworks */ = {isa = PBXBuildFile; productRef = ADA4306528432BBE0000258C /* Algorithms */; };
		ADA4306928432BE40000258C /* Charts in Frameworks */ = {isa = PBXBuildFile; productRef = ADA4306828432BE40000258C /* Charts */; };
		ADA4306D284499A80000258C /* extraMethod.swift in Sources */ = {isa = PBXBuildFile; fileRef = ADA4306C284499A80000258C /* extraMethod.swift */; };
		ADBA7C2A283B6B1A009FC5BD /* AddAccountingItemVC.swift in Sources */ = {isa = PBXBuildFile; fileRef = ADBA7C29283B6B19009FC5BD /* AddAccountingItemVC.swift */; };
		ADBA7C2D283E1F28009FC5BD /* AccountItems+CoreDataClass.swift in Sources */ = {isa = PBXBuildFile; fileRef = ADBA7C2B283E1F28009FC5BD /* AccountItems+CoreDataClass.swift */; };
		ADBA7C2E283E1F28009FC5BD /* AccountItems+CoreDataProperties.swift in Sources */ = {isa = PBXBuildFile; fileRef = ADBA7C2C283E1F28009FC5BD /* AccountItems+CoreDataProperties.swift */; };
		ADBA7C30283F2C08009FC5BD /* AccountDatailVC.swift in Sources */ = {isa = PBXBuildFile; fileRef = ADBA7C2F283F2C08009FC5BD /* AccountDatailVC.swift */; };
		ADD450B02834968E005212F5 /* DateCell.swift in Sources */ = {isa = PBXBuildFile; fileRef = ADD450AF2834968E005212F5 /* DateCell.swift */; };
		ADD450B72834E86A005212F5 /* StoreIitems+CoreDataClass.swift in Sources */ = {isa = PBXBuildFile; fileRef = ADD450B52834E86A005212F5 /* StoreIitems+CoreDataClass.swift */; };
		ADD450B82834E86A005212F5 /* StoreIitems+CoreDataProperties.swift in Sources */ = {isa = PBXBuildFile; fileRef = ADD450B62834E86A005212F5 /* StoreIitems+CoreDataProperties.swift */; };
		ADE23636282A094E00CD509E /* TasksVC.swift in Sources */ = {isa = PBXBuildFile; fileRef = ADE23635282A094E00CD509E /* TasksVC.swift */; };
		ADE23638282A096A00CD509E /* TaskCell.swift in Sources */ = {isa = PBXBuildFile; fileRef = ADE23637282A096A00CD509E /* TaskCell.swift */; };
		ADE2364B282A50D400CD509E /* AddNewItemVC.swift in Sources */ = {isa = PBXBuildFile; fileRef = ADE2364A282A50D300CD509E /* AddNewItemVC.swift */; };
		ADFDE0A9280699B900E13D9B /* AppDelegate.swift in Sources */ = {isa = PBXBuildFile; fileRef = ADFDE0A8280699B900E13D9B /* AppDelegate.swift */; };
		ADFDE0AB280699B900E13D9B /* SceneDelegate.swift in Sources */ = {isa = PBXBuildFile; fileRef = ADFDE0AA280699B900E13D9B /* SceneDelegate.swift */; };
		ADFDE0B0280699B900E13D9B /* Main.storyboard in Resources */ = {isa = PBXBuildFile; fileRef = ADFDE0AE280699B900E13D9B /* Main.storyboard */; };
		ADFDE0B3280699B900E13D9B /* Keepace.xcdatamodeld in Sources */ = {isa = PBXBuildFile; fileRef = ADFDE0B1280699B900E13D9B /* Keepace.xcdatamodeld */; };
		ADFDE0B5280699BB00E13D9B /* Assets.xcassets in Resources */ = {isa = PBXBuildFile; fileRef = ADFDE0B4280699BB00E13D9B /* Assets.xcassets */; };
		ADFDE0B8280699BB00E13D9B /* LaunchScreen.storyboard in Resources */ = {isa = PBXBuildFile; fileRef = ADFDE0B6280699BB00E13D9B /* LaunchScreen.storyboard */; };
		ADFDE0C3280699BB00E13D9B /* KeepaceTests.swift in Sources */ = {isa = PBXBuildFile; fileRef = ADFDE0C2280699BB00E13D9B /* KeepaceTests.swift */; };
		ADFDE0CD280699BB00E13D9B /* KeepaceUITests.swift in Sources */ = {isa = PBXBuildFile; fileRef = ADFDE0CC280699BB00E13D9B /* KeepaceUITests.swift */; };
		ADFDE0CF280699BB00E13D9B /* KeepaceUITestsLaunchTests.swift in Sources */ = {isa = PBXBuildFile; fileRef = ADFDE0CE280699BB00E13D9B /* KeepaceUITestsLaunchTests.swift */; };
/* End PBXBuildFile section */

/* Begin PBXContainerItemProxy section */
		ADFDE0BF280699BB00E13D9B /* PBXContainerItemProxy */ = {
			isa = PBXContainerItemProxy;
			containerPortal = ADFDE09D280699B900E13D9B /* Project object */;
			proxyType = 1;
			remoteGlobalIDString = ADFDE0A4280699B900E13D9B;
			remoteInfo = Keepace;
		};
		ADFDE0C9280699BB00E13D9B /* PBXContainerItemProxy */ = {
			isa = PBXContainerItemProxy;
			containerPortal = ADFDE09D280699B900E13D9B /* Project object */;
			proxyType = 1;
			remoteGlobalIDString = ADFDE0A4280699B900E13D9B;
			remoteInfo = Keepace;
		};
/* End PBXContainerItemProxy section */

/* Begin PBXFileReference section */
		AD1B1E01283B611E00313AD5 /* Cell.swift */ = {isa = PBXFileReference; lastKnownFileType = sourcecode.swift; path = Cell.swift; sourceTree = "<group>"; };
		AD39927E28361CF2005EE142 /* AccountingVC.swift */ = {isa = PBXFileReference; lastKnownFileType = sourcecode.swift; path = AccountingVC.swift; sourceTree = "<group>"; };
		ADA4306C284499A80000258C /* extraMethod.swift */ = {isa = PBXFileReference; lastKnownFileType = sourcecode.swift; path = extraMethod.swift; sourceTree = "<group>"; };
		ADBA7C29283B6B19009FC5BD /* AddAccountingItemVC.swift */ = {isa = PBXFileReference; lastKnownFileType = sourcecode.swift; path = AddAccountingItemVC.swift; sourceTree = "<group>"; };
		ADBA7C2B283E1F28009FC5BD /* AccountItems+CoreDataClass.swift */ = {isa = PBXFileReference; lastKnownFileType = sourcecode.swift; path = "AccountItems+CoreDataClass.swift"; sourceTree = "<group>"; };
		ADBA7C2C283E1F28009FC5BD /* AccountItems+CoreDataProperties.swift */ = {isa = PBXFileReference; lastKnownFileType = sourcecode.swift; path = "AccountItems+CoreDataProperties.swift"; sourceTree = "<group>"; };
		ADBA7C2F283F2C08009FC5BD /* AccountDatailVC.swift */ = {isa = PBXFileReference; lastKnownFileType = sourcecode.swift; path = AccountDatailVC.swift; sourceTree = "<group>"; };
		ADD450AF2834968E005212F5 /* DateCell.swift */ = {isa = PBXFileReference; lastKnownFileType = sourcecode.swift; path = DateCell.swift; sourceTree = "<group>"; };
		ADD450B52834E86A005212F5 /* StoreIitems+CoreDataClass.swift */ = {isa = PBXFileReference; lastKnownFileType = sourcecode.swift; path = "StoreIitems+CoreDataClass.swift"; sourceTree = "<group>"; };
		ADD450B62834E86A005212F5 /* StoreIitems+CoreDataProperties.swift */ = {isa = PBXFileReference; lastKnownFileType = sourcecode.swift; path = "StoreIitems+CoreDataProperties.swift"; sourceTree = "<group>"; };
		ADE23635282A094E00CD509E /* TasksVC.swift */ = {isa = PBXFileReference; lastKnownFileType = sourcecode.swift; path = TasksVC.swift; sourceTree = "<group>"; };
		ADE23637282A096A00CD509E /* TaskCell.swift */ = {isa = PBXFileReference; lastKnownFileType = sourcecode.swift; path = TaskCell.swift; sourceTree = "<group>"; };
		ADE2364A282A50D300CD509E /* AddNewItemVC.swift */ = {isa = PBXFileReference; lastKnownFileType = sourcecode.swift; path = AddNewItemVC.swift; sourceTree = "<group>"; };
		ADFDE0A5280699B900E13D9B /* Keepace.app */ = {isa = PBXFileReference; explicitFileType = wrapper.application; includeInIndex = 0; path = Keepace.app; sourceTree = BUILT_PRODUCTS_DIR; };
		ADFDE0A8280699B900E13D9B /* AppDelegate.swift */ = {isa = PBXFileReference; lastKnownFileType = sourcecode.swift; path = AppDelegate.swift; sourceTree = "<group>"; };
		ADFDE0AA280699B900E13D9B /* SceneDelegate.swift */ = {isa = PBXFileReference; lastKnownFileType = sourcecode.swift; path = SceneDelegate.swift; sourceTree = "<group>"; };
		ADFDE0AF280699B900E13D9B /* Base */ = {isa = PBXFileReference; lastKnownFileType = file.storyboard; name = Base; path = Base.lproj/Main.storyboard; sourceTree = "<group>"; };
		ADFDE0B2280699B900E13D9B /* Keepace.xcdatamodel */ = {isa = PBXFileReference; lastKnownFileType = wrapper.xcdatamodel; path = Keepace.xcdatamodel; sourceTree = "<group>"; };
		ADFDE0B4280699BB00E13D9B /* Assets.xcassets */ = {isa = PBXFileReference; lastKnownFileType = folder.assetcatalog; path = Assets.xcassets; sourceTree = "<group>"; };
		ADFDE0B7280699BB00E13D9B /* Base */ = {isa = PBXFileReference; lastKnownFileType = file.storyboard; name = Base; path = Base.lproj/LaunchScreen.storyboard; sourceTree = "<group>"; };
		ADFDE0B9280699BB00E13D9B /* Info.plist */ = {isa = PBXFileReference; lastKnownFileType = text.plist.xml; path = Info.plist; sourceTree = "<group>"; };
		ADFDE0BE280699BB00E13D9B /* KeepaceTests.xctest */ = {isa = PBXFileReference; explicitFileType = wrapper.cfbundle; includeInIndex = 0; path = KeepaceTests.xctest; sourceTree = BUILT_PRODUCTS_DIR; };
		ADFDE0C2280699BB00E13D9B /* KeepaceTests.swift */ = {isa = PBXFileReference; lastKnownFileType = sourcecode.swift; path = KeepaceTests.swift; sourceTree = "<group>"; };
		ADFDE0C8280699BB00E13D9B /* KeepaceUITests.xctest */ = {isa = PBXFileReference; explicitFileType = wrapper.cfbundle; includeInIndex = 0; path = KeepaceUITests.xctest; sourceTree = BUILT_PRODUCTS_DIR; };
		ADFDE0CC280699BB00E13D9B /* KeepaceUITests.swift */ = {isa = PBXFileReference; lastKnownFileType = sourcecode.swift; path = KeepaceUITests.swift; sourceTree = "<group>"; };
		ADFDE0CE280699BB00E13D9B /* KeepaceUITestsLaunchTests.swift */ = {isa = PBXFileReference; lastKnownFileType = sourcecode.swift; path = KeepaceUITestsLaunchTests.swift; sourceTree = "<group>"; };
/* End PBXFileReference section */

/* Begin PBXFrameworksBuildPhase section */
		ADFDE0A2280699B900E13D9B /* Frameworks */ = {
			isa = PBXFrameworksBuildPhase;
			buildActionMask = 2147483647;
			files = (
				ADA4306628432BBE0000258C /* Algorithms in Frameworks */,
				ADA4306928432BE40000258C /* Charts in Frameworks */,
			);
			runOnlyForDeploymentPostprocessing = 0;
		};
		ADFDE0BB280699BB00E13D9B /* Frameworks */ = {
			isa = PBXFrameworksBuildPhase;
			buildActionMask = 2147483647;
			files = (
			);
			runOnlyForDeploymentPostprocessing = 0;
		};
		ADFDE0C5280699BB00E13D9B /* Frameworks */ = {
			isa = PBXFrameworksBuildPhase;
			buildActionMask = 2147483647;
			files = (
			);
			runOnlyForDeploymentPostprocessing = 0;
		};
/* End PBXFrameworksBuildPhase section */

/* Begin PBXGroup section */
		AD3992752835DC17005EE142 /* Cell */ = {
			isa = PBXGroup;
			children = (
				ADE23637282A096A00CD509E /* TaskCell.swift */,
				ADD450AF2834968E005212F5 /* DateCell.swift */,
			);
			path = Cell;
			sourceTree = "<group>";
		};
		AD39927B28361C97005EE142 /* TaskVCs */ = {
			isa = PBXGroup;
			children = (
				ADE2364A282A50D300CD509E /* AddNewItemVC.swift */,
				ADE23635282A094E00CD509E /* TasksVC.swift */,
				AD3992752835DC17005EE142 /* Cell */,
			);
			path = TaskVCs;
			sourceTree = "<group>";
		};
		AD39927C28361CBE005EE142 /* View */ = {
			isa = PBXGroup;
			children = (
				ADFDE0AE280699B900E13D9B /* Main.storyboard */,
			);
			path = View;
			sourceTree = "<group>";
		};
		AD39927D28361CD2005EE142 /* AccountingVCs */ = {
			isa = PBXGroup;
			children = (
				AD39927E28361CF2005EE142 /* AccountingVC.swift */,
				ADBA7C29283B6B19009FC5BD /* AddAccountingItemVC.swift */,
				ADBA7C2F283F2C08009FC5BD /* AccountDatailVC.swift */,
				AD1B1E01283B611E00313AD5 /* Cell.swift */,
			);
			path = AccountingVCs;
			sourceTree = "<group>";
		};
		ADE2363D282A0C9200CD509E /* Model */ = {
			isa = PBXGroup;
			children = (
				ADBA7C2B283E1F28009FC5BD /* AccountItems+CoreDataClass.swift */,
				ADBA7C2C283E1F28009FC5BD /* AccountItems+CoreDataProperties.swift */,
				ADD450B52834E86A005212F5 /* StoreIitems+CoreDataClass.swift */,
				ADD450B62834E86A005212F5 /* StoreIitems+CoreDataProperties.swift */,
			);
			path = Model;
			sourceTree = "<group>";
		};
		ADFDE09C280699B900E13D9B = {
			isa = PBXGroup;
			children = (
				ADFDE0A7280699B900E13D9B /* Keepace */,
				ADFDE0C1280699BB00E13D9B /* KeepaceTests */,
				ADFDE0CB280699BB00E13D9B /* KeepaceUITests */,
				ADFDE0A6280699B900E13D9B /* Products */,
			);
			sourceTree = "<group>";
		};
		ADFDE0A6280699B900E13D9B /* Products */ = {
			isa = PBXGroup;
			children = (
				ADFDE0A5280699B900E13D9B /* Keepace.app */,
				ADFDE0BE280699BB00E13D9B /* KeepaceTests.xctest */,
				ADFDE0C8280699BB00E13D9B /* KeepaceUITests.xctest */,
			);
			name = Products;
			sourceTree = "<group>";
		};
		ADFDE0A7280699B900E13D9B /* Keepace */ = {
			isa = PBXGroup;
			children = (
				AD39927C28361CBE005EE142 /* View */,
				ADE2363D282A0C9200CD509E /* Model */,
				ADFDE0A8280699B900E13D9B /* AppDelegate.swift */,
				ADFDE0AA280699B900E13D9B /* SceneDelegate.swift */,
				ADFDE0B4280699BB00E13D9B /* Assets.xcassets */,
				ADFDE0B6280699BB00E13D9B /* LaunchScreen.storyboard */,
				ADFDE0B9280699BB00E13D9B /* Info.plist */,
				ADFDE0B1280699B900E13D9B /* Keepace.xcdatamodeld */,
				AD39927D28361CD2005EE142 /* AccountingVCs */,
				AD39927B28361C97005EE142 /* TaskVCs */,
				ADA4306C284499A80000258C /* extraMethod.swift */,
			);
			path = Keepace;
			sourceTree = "<group>";
		};
		ADFDE0C1280699BB00E13D9B /* KeepaceTests */ = {
			isa = PBXGroup;
			children = (
				ADFDE0C2280699BB00E13D9B /* KeepaceTests.swift */,
			);
			path = KeepaceTests;
			sourceTree = "<group>";
		};
		ADFDE0CB280699BB00E13D9B /* KeepaceUITests */ = {
			isa = PBXGroup;
			children = (
				ADFDE0CC280699BB00E13D9B /* KeepaceUITests.swift */,
				ADFDE0CE280699BB00E13D9B /* KeepaceUITestsLaunchTests.swift */,
			);
			path = KeepaceUITests;
			sourceTree = "<group>";
		};
/* End PBXGroup section */

/* Begin PBXNativeTarget section */
		ADFDE0A4280699B900E13D9B /* Keepace */ = {
			isa = PBXNativeTarget;
			buildConfigurationList = ADFDE0D2280699BB00E13D9B /* Build configuration list for PBXNativeTarget "Keepace" */;
			buildPhases = (
				ADFDE0A1280699B900E13D9B /* Sources */,
				ADFDE0A2280699B900E13D9B /* Frameworks */,
				ADFDE0A3280699B900E13D9B /* Resources */,
			);
			buildRules = (
			);
			dependencies = (
			);
			name = Keepace;
			packageProductDependencies = (
				ADA4306528432BBE0000258C /* Algorithms */,
				ADA4306828432BE40000258C /* Charts */,
			);
			productName = Keepace;
			productReference = ADFDE0A5280699B900E13D9B /* Keepace.app */;
			productType = "com.apple.product-type.application";
		};
		ADFDE0BD280699BB00E13D9B /* KeepaceTests */ = {
			isa = PBXNativeTarget;
			buildConfigurationList = ADFDE0D5280699BB00E13D9B /* Build configuration list for PBXNativeTarget "KeepaceTests" */;
			buildPhases = (
				ADFDE0BA280699BB00E13D9B /* Sources */,
				ADFDE0BB280699BB00E13D9B /* Frameworks */,
				ADFDE0BC280699BB00E13D9B /* Resources */,
			);
			buildRules = (
			);
			dependencies = (
				ADFDE0C0280699BB00E13D9B /* PBXTargetDependency */,
			);
			name = KeepaceTests;
			productName = KeepaceTests;
			productReference = ADFDE0BE280699BB00E13D9B /* KeepaceTests.xctest */;
			productType = "com.apple.product-type.bundle.unit-test";
		};
		ADFDE0C7280699BB00E13D9B /* KeepaceUITests */ = {
			isa = PBXNativeTarget;
			buildConfigurationList = ADFDE0D8280699BB00E13D9B /* Build configuration list for PBXNativeTarget "KeepaceUITests" */;
			buildPhases = (
				ADFDE0C4280699BB00E13D9B /* Sources */,
				ADFDE0C5280699BB00E13D9B /* Frameworks */,
				ADFDE0C6280699BB00E13D9B /* Resources */,
			);
			buildRules = (
			);
			dependencies = (
				ADFDE0CA280699BB00E13D9B /* PBXTargetDependency */,
			);
			name = KeepaceUITests;
			productName = KeepaceUITests;
			productReference = ADFDE0C8280699BB00E13D9B /* KeepaceUITests.xctest */;
			productType = "com.apple.product-type.bundle.ui-testing";
		};
/* End PBXNativeTarget section */

/* Begin PBXProject section */
		ADFDE09D280699B900E13D9B /* Project object */ = {
			isa = PBXProject;
			attributes = {
				BuildIndependentTargetsInParallel = 1;
				LastSwiftUpdateCheck = 1330;
				LastUpgradeCheck = 1330;
				TargetAttributes = {
					ADFDE0A4280699B900E13D9B = {
						CreatedOnToolsVersion = 13.3;
					};
					ADFDE0BD280699BB00E13D9B = {
						CreatedOnToolsVersion = 13.3;
						TestTargetID = ADFDE0A4280699B900E13D9B;
					};
					ADFDE0C7280699BB00E13D9B = {
						CreatedOnToolsVersion = 13.3;
						TestTargetID = ADFDE0A4280699B900E13D9B;
					};
				};
			};
			buildConfigurationList = ADFDE0A0280699B900E13D9B /* Build configuration list for PBXProject "Keepace" */;
			compatibilityVersion = "Xcode 13.0";
			developmentRegion = en;
			hasScannedForEncodings = 0;
			knownRegions = (
				en,
				Base,
			);
			mainGroup = ADFDE09C280699B900E13D9B;
			packageReferences = (
				ADA4306428432BBE0000258C /* XCRemoteSwiftPackageReference "swift-algorithms" */,
				ADA4306728432BE40000258C /* XCRemoteSwiftPackageReference "Charts" */,
			);
			productRefGroup = ADFDE0A6280699B900E13D9B /* Products */;
			projectDirPath = "";
			projectRoot = "";
			targets = (
				ADFDE0A4280699B900E13D9B /* Keepace */,
				ADFDE0BD280699BB00E13D9B /* KeepaceTests */,
				ADFDE0C7280699BB00E13D9B /* KeepaceUITests */,
			);
		};
/* End PBXProject section */

/* Begin PBXResourcesBuildPhase section */
		ADFDE0A3280699B900E13D9B /* Resources */ = {
			isa = PBXResourcesBuildPhase;
			buildActionMask = 2147483647;
			files = (
				ADFDE0B8280699BB00E13D9B /* LaunchScreen.storyboard in Resources */,
				ADFDE0B5280699BB00E13D9B /* Assets.xcassets in Resources */,
				ADFDE0B0280699B900E13D9B /* Main.storyboard in Resources */,
			);
			runOnlyForDeploymentPostprocessing = 0;
		};
		ADFDE0BC280699BB00E13D9B /* Resources */ = {
			isa = PBXResourcesBuildPhase;
			buildActionMask = 2147483647;
			files = (
			);
			runOnlyForDeploymentPostprocessing = 0;
		};
		ADFDE0C6280699BB00E13D9B /* Resources */ = {
			isa = PBXResourcesBuildPhase;
			buildActionMask = 2147483647;
			files = (
			);
			runOnlyForDeploymentPostprocessing = 0;
		};
/* End PBXResourcesBuildPhase section */

/* Begin PBXSourcesBuildPhase section */
		ADFDE0A1280699B900E13D9B /* Sources */ = {
			isa = PBXSourcesBuildPhase;
			buildActionMask = 2147483647;
			files = (
				ADBA7C2A283B6B1A009FC5BD /* AddAccountingItemVC.swift in Sources */,
				ADA4306D284499A80000258C /* extraMethod.swift in Sources */,
				ADD450B02834968E005212F5 /* DateCell.swift in Sources */,
				ADD450B82834E86A005212F5 /* StoreIitems+CoreDataProperties.swift in Sources */,
				ADE2364B282A50D400CD509E /* AddNewItemVC.swift in Sources */,
				ADBA7C2D283E1F28009FC5BD /* AccountItems+CoreDataClass.swift in Sources */,
				ADFDE0A9280699B900E13D9B /* AppDelegate.swift in Sources */,
				AD1B1E02283B611E00313AD5 /* Cell.swift in Sources */,
				ADFDE0B3280699B900E13D9B /* Keepace.xcdatamodeld in Sources */,
				AD39927F28361CF2005EE142 /* AccountingVC.swift in Sources */,
				ADBA7C30283F2C08009FC5BD /* AccountDatailVC.swift in Sources */,
				ADFDE0AB280699B900E13D9B /* SceneDelegate.swift in Sources */,
				ADE23636282A094E00CD509E /* TasksVC.swift in Sources */,
				ADD450B72834E86A005212F5 /* StoreIitems+CoreDataClass.swift in Sources */,
				ADBA7C2E283E1F28009FC5BD /* AccountItems+CoreDataProperties.swift in Sources */,
				ADE23638282A096A00CD509E /* TaskCell.swift in Sources */,
			);
			runOnlyForDeploymentPostprocessing = 0;
		};
		ADFDE0BA280699BB00E13D9B /* Sources */ = {
			isa = PBXSourcesBuildPhase;
			buildActionMask = 2147483647;
			files = (
				ADFDE0C3280699BB00E13D9B /* KeepaceTests.swift in Sources */,
			);
			runOnlyForDeploymentPostprocessing = 0;
		};
		ADFDE0C4280699BB00E13D9B /* Sources */ = {
			isa = PBXSourcesBuildPhase;
			buildActionMask = 2147483647;
			files = (
				ADFDE0CD280699BB00E13D9B /* KeepaceUITests.swift in Sources */,
				ADFDE0CF280699BB00E13D9B /* KeepaceUITestsLaunchTests.swift in Sources */,
			);
			runOnlyForDeploymentPostprocessing = 0;
		};
/* End PBXSourcesBuildPhase section */

/* Begin PBXTargetDependency section */
		ADFDE0C0280699BB00E13D9B /* PBXTargetDependency */ = {
			isa = PBXTargetDependency;
			target = ADFDE0A4280699B900E13D9B /* Keepace */;
			targetProxy = ADFDE0BF280699BB00E13D9B /* PBXContainerItemProxy */;
		};
		ADFDE0CA280699BB00E13D9B /* PBXTargetDependency */ = {
			isa = PBXTargetDependency;
			target = ADFDE0A4280699B900E13D9B /* Keepace */;
			targetProxy = ADFDE0C9280699BB00E13D9B /* PBXContainerItemProxy */;
		};
/* End PBXTargetDependency section */

/* Begin PBXVariantGroup section */
		ADFDE0AE280699B900E13D9B /* Main.storyboard */ = {
			isa = PBXVariantGroup;
			children = (
				ADFDE0AF280699B900E13D9B /* Base */,
			);
			name = Main.storyboard;
			sourceTree = "<group>";
		};
		ADFDE0B6280699BB00E13D9B /* LaunchScreen.storyboard */ = {
			isa = PBXVariantGroup;
			children = (
				ADFDE0B7280699BB00E13D9B /* Base */,
			);
			name = LaunchScreen.storyboard;
			sourceTree = "<group>";
		};
/* End PBXVariantGroup section */

/* Begin XCBuildConfiguration section */
		ADFDE0D0280699BB00E13D9B /* Debug */ = {
			isa = XCBuildConfiguration;
			buildSettings = {
				ALWAYS_SEARCH_USER_PATHS = NO;
				CLANG_ANALYZER_NONNULL = YES;
				CLANG_ANALYZER_NUMBER_OBJECT_CONVERSION = YES_AGGRESSIVE;
				CLANG_CXX_LANGUAGE_STANDARD = "gnu++17";
				CLANG_ENABLE_MODULES = YES;
				CLANG_ENABLE_OBJC_ARC = YES;
				CLANG_ENABLE_OBJC_WEAK = YES;
				CLANG_WARN_BLOCK_CAPTURE_AUTORELEASING = YES;
				CLANG_WARN_BOOL_CONVERSION = YES;
				CLANG_WARN_COMMA = YES;
				CLANG_WARN_CONSTANT_CONVERSION = YES;
				CLANG_WARN_DEPRECATED_OBJC_IMPLEMENTATIONS = YES;
				CLANG_WARN_DIRECT_OBJC_ISA_USAGE = YES_ERROR;
				CLANG_WARN_DOCUMENTATION_COMMENTS = YES;
				CLANG_WARN_EMPTY_BODY = YES;
				CLANG_WARN_ENUM_CONVERSION = YES;
				CLANG_WARN_INFINITE_RECURSION = YES;
				CLANG_WARN_INT_CONVERSION = YES;
				CLANG_WARN_NON_LITERAL_NULL_CONVERSION = YES;
				CLANG_WARN_OBJC_IMPLICIT_RETAIN_SELF = YES;
				CLANG_WARN_OBJC_LITERAL_CONVERSION = YES;
				CLANG_WARN_OBJC_ROOT_CLASS = YES_ERROR;
				CLANG_WARN_QUOTED_INCLUDE_IN_FRAMEWORK_HEADER = YES;
				CLANG_WARN_RANGE_LOOP_ANALYSIS = YES;
				CLANG_WARN_STRICT_PROTOTYPES = YES;
				CLANG_WARN_SUSPICIOUS_MOVE = YES;
				CLANG_WARN_UNGUARDED_AVAILABILITY = YES_AGGRESSIVE;
				CLANG_WARN_UNREACHABLE_CODE = YES;
				CLANG_WARN__DUPLICATE_METHOD_MATCH = YES;
				COPY_PHASE_STRIP = NO;
				DEBUG_INFORMATION_FORMAT = dwarf;
				ENABLE_STRICT_OBJC_MSGSEND = YES;
				ENABLE_TESTABILITY = YES;
				GCC_C_LANGUAGE_STANDARD = gnu11;
				GCC_DYNAMIC_NO_PIC = NO;
				GCC_NO_COMMON_BLOCKS = YES;
				GCC_OPTIMIZATION_LEVEL = 0;
				GCC_PREPROCESSOR_DEFINITIONS = (
					"DEBUG=1",
					"$(inherited)",
				);
				GCC_WARN_64_TO_32_BIT_CONVERSION = YES;
				GCC_WARN_ABOUT_RETURN_TYPE = YES_ERROR;
				GCC_WARN_UNDECLARED_SELECTOR = YES;
				GCC_WARN_UNINITIALIZED_AUTOS = YES_AGGRESSIVE;
				GCC_WARN_UNUSED_FUNCTION = YES;
				GCC_WARN_UNUSED_VARIABLE = YES;
				IPHONEOS_DEPLOYMENT_TARGET = 15.4;
				MTL_ENABLE_DEBUG_INFO = INCLUDE_SOURCE;
				MTL_FAST_MATH = YES;
				ONLY_ACTIVE_ARCH = YES;
				SDKROOT = iphoneos;
				SWIFT_ACTIVE_COMPILATION_CONDITIONS = DEBUG;
				SWIFT_OPTIMIZATION_LEVEL = "-Onone";
			};
			name = Debug;
		};
		ADFDE0D1280699BB00E13D9B /* Release */ = {
			isa = XCBuildConfiguration;
			buildSettings = {
				ALWAYS_SEARCH_USER_PATHS = NO;
				CLANG_ANALYZER_NONNULL = YES;
				CLANG_ANALYZER_NUMBER_OBJECT_CONVERSION = YES_AGGRESSIVE;
				CLANG_CXX_LANGUAGE_STANDARD = "gnu++17";
				CLANG_ENABLE_MODULES = YES;
				CLANG_ENABLE_OBJC_ARC = YES;
				CLANG_ENABLE_OBJC_WEAK = YES;
				CLANG_WARN_BLOCK_CAPTURE_AUTORELEASING = YES;
				CLANG_WARN_BOOL_CONVERSION = YES;
				CLANG_WARN_COMMA = YES;
				CLANG_WARN_CONSTANT_CONVERSION = YES;
				CLANG_WARN_DEPRECATED_OBJC_IMPLEMENTATIONS = YES;
				CLANG_WARN_DIRECT_OBJC_ISA_USAGE = YES_ERROR;
				CLANG_WARN_DOCUMENTATION_COMMENTS = YES;
				CLANG_WARN_EMPTY_BODY = YES;
				CLANG_WARN_ENUM_CONVERSION = YES;
				CLANG_WARN_INFINITE_RECURSION = YES;
				CLANG_WARN_INT_CONVERSION = YES;
				CLANG_WARN_NON_LITERAL_NULL_CONVERSION = YES;
				CLANG_WARN_OBJC_IMPLICIT_RETAIN_SELF = YES;
				CLANG_WARN_OBJC_LITERAL_CONVERSION = YES;
				CLANG_WARN_OBJC_ROOT_CLASS = YES_ERROR;
				CLANG_WARN_QUOTED_INCLUDE_IN_FRAMEWORK_HEADER = YES;
				CLANG_WARN_RANGE_LOOP_ANALYSIS = YES;
				CLANG_WARN_STRICT_PROTOTYPES = YES;
				CLANG_WARN_SUSPICIOUS_MOVE = YES;
				CLANG_WARN_UNGUARDED_AVAILABILITY = YES_AGGRESSIVE;
				CLANG_WARN_UNREACHABLE_CODE = YES;
				CLANG_WARN__DUPLICATE_METHOD_MATCH = YES;
				COPY_PHASE_STRIP = NO;
				DEBUG_INFORMATION_FORMAT = "dwarf-with-dsym";
				ENABLE_NS_ASSERTIONS = NO;
				ENABLE_STRICT_OBJC_MSGSEND = YES;
				GCC_C_LANGUAGE_STANDARD = gnu11;
				GCC_NO_COMMON_BLOCKS = YES;
				GCC_WARN_64_TO_32_BIT_CONVERSION = YES;
				GCC_WARN_ABOUT_RETURN_TYPE = YES_ERROR;
				GCC_WARN_UNDECLARED_SELECTOR = YES;
				GCC_WARN_UNINITIALIZED_AUTOS = YES_AGGRESSIVE;
				GCC_WARN_UNUSED_FUNCTION = YES;
				GCC_WARN_UNUSED_VARIABLE = YES;
				IPHONEOS_DEPLOYMENT_TARGET = 15.4;
				MTL_ENABLE_DEBUG_INFO = NO;
				MTL_FAST_MATH = YES;
				SDKROOT = iphoneos;
				SWIFT_COMPILATION_MODE = wholemodule;
				SWIFT_OPTIMIZATION_LEVEL = "-O";
				VALIDATE_PRODUCT = YES;
			};
			name = Release;
		};
		ADFDE0D3280699BB00E13D9B /* Debug */ = {
			isa = XCBuildConfiguration;
			buildSettings = {
				ASSETCATALOG_COMPILER_APPICON_NAME = AppIcon;
				ASSETCATALOG_COMPILER_GLOBAL_ACCENT_COLOR_NAME = AccentColor;
				CODE_SIGN_STYLE = Automatic;
				CURRENT_PROJECT_VERSION = 1;
				DEVELOPMENT_TEAM = 34926K97KP;
				GENERATE_INFOPLIST_FILE = YES;
				INFOPLIST_FILE = Keepace/Info.plist;
				INFOPLIST_KEY_CFBundleDisplayName = Keepace;
				INFOPLIST_KEY_UIApplicationSupportsIndirectInputEvents = YES;
				INFOPLIST_KEY_UILaunchStoryboardName = LaunchScreen;
				INFOPLIST_KEY_UIMainStoryboardFile = Main;
				INFOPLIST_KEY_UISupportedInterfaceOrientations_iPad = "UIInterfaceOrientationPortrait UIInterfaceOrientationPortraitUpsideDown UIInterfaceOrientationLandscapeLeft UIInterfaceOrientationLandscapeRight";
				INFOPLIST_KEY_UISupportedInterfaceOrientations_iPhone = "UIInterfaceOrientationPortrait UIInterfaceOrientationLandscapeLeft UIInterfaceOrientationLandscapeRight";
				LD_RUNPATH_SEARCH_PATHS = (
					"$(inherited)",
					"@executable_path/Frameworks",
				);
				MARKETING_VERSION = 1.0;
				PRODUCT_BUNDLE_IDENTIFIER = com.official.Keepace;
				PRODUCT_NAME = "$(TARGET_NAME)";
				SWIFT_EMIT_LOC_STRINGS = YES;
				SWIFT_VERSION = 5.0;
				TARGETED_DEVICE_FAMILY = "1,2";
			};
			name = Debug;
		};
		ADFDE0D4280699BB00E13D9B /* Release */ = {
			isa = XCBuildConfiguration;
			buildSettings = {
				ASSETCATALOG_COMPILER_APPICON_NAME = AppIcon;
				ASSETCATALOG_COMPILER_GLOBAL_ACCENT_COLOR_NAME = AccentColor;
				CODE_SIGN_STYLE = Automatic;
				CURRENT_PROJECT_VERSION = 1;
				DEVELOPMENT_TEAM = 34926K97KP;
				GENERATE_INFOPLIST_FILE = YES;
				INFOPLIST_FILE = Keepace/Info.plist;
				INFOPLIST_KEY_CFBundleDisplayName = Keepace;
				INFOPLIST_KEY_UIApplicationSupportsIndirectInputEvents = YES;
				INFOPLIST_KEY_UILaunchStoryboardName = LaunchScreen;
				INFOPLIST_KEY_UIMainStoryboardFile = Main;
				INFOPLIST_KEY_UISupportedInterfaceOrientations_iPad = "UIInterfaceOrientationPortrait UIInterfaceOrientationPortraitUpsideDown UIInterfaceOrientationLandscapeLeft UIInterfaceOrientationLandscapeRight";
				INFOPLIST_KEY_UISupportedInterfaceOrientations_iPhone = "UIInterfaceOrientationPortrait UIInterfaceOrientationLandscapeLeft UIInterfaceOrientationLandscapeRight";
				LD_RUNPATH_SEARCH_PATHS = (
					"$(inherited)",
					"@executable_path/Frameworks",
				);
				MARKETING_VERSION = 1.0;
				PRODUCT_BUNDLE_IDENTIFIER = com.official.Keepace;
				PRODUCT_NAME = "$(TARGET_NAME)";
				SWIFT_EMIT_LOC_STRINGS = YES;
				SWIFT_VERSION = 5.0;
				TARGETED_DEVICE_FAMILY = "1,2";
			};
			name = Release;
		};
		ADFDE0D6280699BB00E13D9B /* Debug */ = {
			isa = XCBuildConfiguration;
			buildSettings = {
				ALWAYS_EMBED_SWIFT_STANDARD_LIBRARIES = YES;
				BUNDLE_LOADER = "$(TEST_HOST)";
				CODE_SIGN_STYLE = Automatic;
				CURRENT_PROJECT_VERSION = 1;
				DEVELOPMENT_TEAM = 34926K97KP;
				GENERATE_INFOPLIST_FILE = YES;
				IPHONEOS_DEPLOYMENT_TARGET = 15.4;
				MARKETING_VERSION = 1.0;
				PRODUCT_BUNDLE_IDENTIFIER = com.official.KeepaceTests;
				PRODUCT_NAME = "$(TARGET_NAME)";
				SWIFT_EMIT_LOC_STRINGS = NO;
				SWIFT_VERSION = 5.0;
				TARGETED_DEVICE_FAMILY = "1,2";
				TEST_HOST = "$(BUILT_PRODUCTS_DIR)/Keepace.app/Keepace";
			};
			name = Debug;
		};
		ADFDE0D7280699BB00E13D9B /* Release */ = {
			isa = XCBuildConfiguration;
			buildSettings = {
				ALWAYS_EMBED_SWIFT_STANDARD_LIBRARIES = YES;
				BUNDLE_LOADER = "$(TEST_HOST)";
				CODE_SIGN_STYLE = Automatic;
				CURRENT_PROJECT_VERSION = 1;
				DEVELOPMENT_TEAM = 34926K97KP;
				GENERATE_INFOPLIST_FILE = YES;
				IPHONEOS_DEPLOYMENT_TARGET = 15.4;
				MARKETING_VERSION = 1.0;
				PRODUCT_BUNDLE_IDENTIFIER = com.official.KeepaceTests;
				PRODUCT_NAME = "$(TARGET_NAME)";
				SWIFT_EMIT_LOC_STRINGS = NO;
				SWIFT_VERSION = 5.0;
				TARGETED_DEVICE_FAMILY = "1,2";
				TEST_HOST = "$(BUILT_PRODUCTS_DIR)/Keepace.app/Keepace";
			};
			name = Release;
		};
		ADFDE0D9280699BB00E13D9B /* Debug */ = {
			isa = XCBuildConfiguration;
			buildSettings = {
				ALWAYS_EMBED_SWIFT_STANDARD_LIBRARIES = YES;
				CODE_SIGN_STYLE = Automatic;
				CURRENT_PROJECT_VERSION = 1;
				DEVELOPMENT_TEAM = 34926K97KP;
				GENERATE_INFOPLIST_FILE = YES;
				MARKETING_VERSION = 1.0;
				PRODUCT_BUNDLE_IDENTIFIER = com.official.KeepaceUITests;
				PRODUCT_NAME = "$(TARGET_NAME)";
				SWIFT_EMIT_LOC_STRINGS = NO;
				SWIFT_VERSION = 5.0;
				TARGETED_DEVICE_FAMILY = "1,2";
				TEST_TARGET_NAME = Keepace;
			};
			name = Debug;
		};
		ADFDE0DA280699BB00E13D9B /* Release */ = {
			isa = XCBuildConfiguration;
			buildSettings = {
				ALWAYS_EMBED_SWIFT_STANDARD_LIBRARIES = YES;
				CODE_SIGN_STYLE = Automatic;
				CURRENT_PROJECT_VERSION = 1;
				DEVELOPMENT_TEAM = 34926K97KP;
				GENERATE_INFOPLIST_FILE = YES;
				MARKETING_VERSION = 1.0;
				PRODUCT_BUNDLE_IDENTIFIER = com.official.KeepaceUITests;
				PRODUCT_NAME = "$(TARGET_NAME)";
				SWIFT_EMIT_LOC_STRINGS = NO;
				SWIFT_VERSION = 5.0;
				TARGETED_DEVICE_FAMILY = "1,2";
				TEST_TARGET_NAME = Keepace;
			};
			name = Release;
		};
/* End XCBuildConfiguration section */

/* Begin XCConfigurationList section */
		ADFDE0A0280699B900E13D9B /* Build configuration list for PBXProject "Keepace" */ = {
			isa = XCConfigurationList;
			buildConfigurations = (
				ADFDE0D0280699BB00E13D9B /* Debug */,
				ADFDE0D1280699BB00E13D9B /* Release */,
			);
			defaultConfigurationIsVisible = 0;
			defaultConfigurationName = Release;
		};
		ADFDE0D2280699BB00E13D9B /* Build configuration list for PBXNativeTarget "Keepace" */ = {
			isa = XCConfigurationList;
			buildConfigurations = (
				ADFDE0D3280699BB00E13D9B /* Debug */,
				ADFDE0D4280699BB00E13D9B /* Release */,
			);
			defaultConfigurationIsVisible = 0;
			defaultConfigurationName = Release;
		};
		ADFDE0D5280699BB00E13D9B /* Build configuration list for PBXNativeTarget "KeepaceTests" */ = {
			isa = XCConfigurationList;
			buildConfigurations = (
				ADFDE0D6280699BB00E13D9B /* Debug */,
				ADFDE0D7280699BB00E13D9B /* Release */,
			);
			defaultConfigurationIsVisible = 0;
			defaultConfigurationName = Release;
		};
		ADFDE0D8280699BB00E13D9B /* Build configuration list for PBXNativeTarget "KeepaceUITests" */ = {
			isa = XCConfigurationList;
			buildConfigurations = (
				ADFDE0D9280699BB00E13D9B /* Debug */,
				ADFDE0DA280699BB00E13D9B /* Release */,
			);
			defaultConfigurationIsVisible = 0;
			defaultConfigurationName = Release;
		};
/* End XCConfigurationList section */

/* Begin XCRemoteSwiftPackageReference section */
		ADA4306428432BBE0000258C /* XCRemoteSwiftPackageReference "swift-algorithms" */ = {
			isa = XCRemoteSwiftPackageReference;
			repositoryURL = "https://github.com/apple/swift-algorithms.git";
			requirement = {
				branch = main;
				kind = branch;
			};
		};
		ADA4306728432BE40000258C /* XCRemoteSwiftPackageReference "Charts" */ = {
			isa = XCRemoteSwiftPackageReference;
			repositoryURL = "https://github.com/danielgindi/Charts.git";
			requirement = {
				kind = upToNextMajorVersion;
				minimumVersion = 3.0.0;
			};
		};
/* End XCRemoteSwiftPackageReference section */

/* Begin XCSwiftPackageProductDependency section */
		ADA4306528432BBE0000258C /* Algorithms */ = {
			isa = XCSwiftPackageProductDependency;
			package = ADA4306428432BBE0000258C /* XCRemoteSwiftPackageReference "swift-algorithms" */;
			productName = Algorithms;
		};
		ADA4306828432BE40000258C /* Charts */ = {
			isa = XCSwiftPackageProductDependency;
			package = ADA4306728432BE40000258C /* XCRemoteSwiftPackageReference "Charts" */;
			productName = Charts;
		};
/* End XCSwiftPackageProductDependency section */

/* Begin XCVersionGroup section */
		ADFDE0B1280699B900E13D9B /* Keepace.xcdatamodeld */ = {
			isa = XCVersionGroup;
			children = (
				ADFDE0B2280699B900E13D9B /* Keepace.xcdatamodel */,
			);
			currentVersion = ADFDE0B2280699B900E13D9B /* Keepace.xcdatamodel */;
			path = Keepace.xcdatamodeld;
			sourceTree = "<group>";
			versionGroupType = wrapper.xcdatamodel;
		};
/* End XCVersionGroup section */
	};
	rootObject = ADFDE09D280699B900E13D9B /* Project object */;
}
